
Microsoft Visual Studio Solution File, Format Version 12.00
# Visual Studio Version 16
VisualStudioVersion = 16.0.29519.181
MinimumVisualStudioVersion = 10.0.40219.1
Project("{FAE04EC0-301F-11D3-BF4B-00C04F79EFBC}") = "Task 1.2.3 Lowercase", "Task 1.2.3 Lowercase\Task 1.2.3 Lowercase.csproj", "{8E1AECC0-3A1E-4CEA-BEB7-CEB4AFC09B08}"
EndProject
Global
	GlobalSection(SolutionConfigurationPlatforms) = preSolution
		Debug|Any CPU = Debug|Any CPU
		Release|Any CPU = Release|Any CPU
	EndGlobalSection
	GlobalSection(ProjectConfigurationPlatforms) = postSolution
		{8E1AECC0-3A1E-4CEA-BEB7-CEB4AFC09B08}.Debug|Any CPU.ActiveCfg = Debug|Any CPU
		{8E1AECC0-3A1E-4CEA-BEB7-CEB4AFC09B08}.Debug|Any CPU.Build.0 = Debug|Any CPU
		{8E1AECC0-3A1E-4CEA-BEB7-CEB4AFC09B08}.Release|Any CPU.ActiveCfg = Release|Any CPU
		{8E1AECC0-3A1E-4CEA-BEB7-CEB4AFC09B08}.Release|Any CPU.Build.0 = Release|Any CPU
	EndGlobalSection
	GlobalSection(SolutionProperties) = preSolution
		HideSolutionNode = FALSE
	EndGlobalSection
	GlobalSection(ExtensibilityGlobals) = postSolution
		SolutionGuid = {27185517-97A1-42E1-AFDE-BFF5F6488763}
	EndGlobalSection
EndGlobal
