
Microsoft Visual Studio Solution File, Format Version 12.00
# Visual Studio Version 16
VisualStudioVersion = 16.0.29519.181
MinimumVisualStudioVersion = 10.0.40219.1
Project("{FAE04EC0-301F-11D3-BF4B-00C04F79EFBC}") = "Task 2.1.2 Custom paint", "Task 2.1.2 Custom paint\Task 2.1.2 Custom paint.csproj", "{6C15485B-67EE-425C-BACC-EFDC4F56AE6B}"
EndProject
Global
	GlobalSection(SolutionConfigurationPlatforms) = preSolution
		Debug|Any CPU = Debug|Any CPU
		Release|Any CPU = Release|Any CPU
	EndGlobalSection
	GlobalSection(ProjectConfigurationPlatforms) = postSolution
		{6C15485B-67EE-425C-BACC-EFDC4F56AE6B}.Debug|Any CPU.ActiveCfg = Debug|Any CPU
		{6C15485B-67EE-425C-BACC-EFDC4F56AE6B}.Debug|Any CPU.Build.0 = Debug|Any CPU
		{6C15485B-67EE-425C-BACC-EFDC4F56AE6B}.Release|Any CPU.ActiveCfg = Release|Any CPU
		{6C15485B-67EE-425C-BACC-EFDC4F56AE6B}.Release|Any CPU.Build.0 = Release|Any CPU
	EndGlobalSection
	GlobalSection(SolutionProperties) = preSolution
		HideSolutionNode = FALSE
	EndGlobalSection
	GlobalSection(ExtensibilityGlobals) = postSolution
		SolutionGuid = {0455D3B7-02FE-42B4-AF94-B9EF2441B7C8}
	EndGlobalSection
EndGlobal
