
Microsoft Visual Studio Solution File, Format Version 12.00
# Visual Studio Version 16
VisualStudioVersion = 16.0.29519.181
MinimumVisualStudioVersion = 10.0.40219.1
Project("{FAE04EC0-301F-11D3-BF4B-00C04F79EFBC}") = "Task 3.3.1 Super array", "Task 3.3.1 Super array\Task 3.3.1 Super array.csproj", "{AA08A181-5621-43A5-BCAE-37BABCA9A7A8}"
EndProject
Global
	GlobalSection(SolutionConfigurationPlatforms) = preSolution
		Debug|Any CPU = Debug|Any CPU
		Release|Any CPU = Release|Any CPU
	EndGlobalSection
	GlobalSection(ProjectConfigurationPlatforms) = postSolution
		{AA08A181-5621-43A5-BCAE-37BABCA9A7A8}.Debug|Any CPU.ActiveCfg = Debug|Any CPU
		{AA08A181-5621-43A5-BCAE-37BABCA9A7A8}.Debug|Any CPU.Build.0 = Debug|Any CPU
		{AA08A181-5621-43A5-BCAE-37BABCA9A7A8}.Release|Any CPU.ActiveCfg = Release|Any CPU
		{AA08A181-5621-43A5-BCAE-37BABCA9A7A8}.Release|Any CPU.Build.0 = Release|Any CPU
	EndGlobalSection
	GlobalSection(SolutionProperties) = preSolution
		HideSolutionNode = FALSE
	EndGlobalSection
	GlobalSection(ExtensibilityGlobals) = postSolution
		SolutionGuid = {264DF089-0A69-4ACE-AF19-536330950778}
	EndGlobalSection
EndGlobal
