
Microsoft Visual Studio Solution File, Format Version 12.00
# Visual Studio Version 16
VisualStudioVersion = 16.0.29519.181
MinimumVisualStudioVersion = 10.0.40219.1
Project("{FAE04EC0-301F-11D3-BF4B-00C04F79EFBC}") = "Task 1.1.8 No positive", "Task 1.1.8 No positive\Task 1.1.8 No positive.csproj", "{33B42369-BB85-40BF-80EE-C05463128FA6}"
EndProject
Global
	GlobalSection(SolutionConfigurationPlatforms) = preSolution
		Debug|Any CPU = Debug|Any CPU
		Release|Any CPU = Release|Any CPU
	EndGlobalSection
	GlobalSection(ProjectConfigurationPlatforms) = postSolution
		{33B42369-BB85-40BF-80EE-C05463128FA6}.Debug|Any CPU.ActiveCfg = Debug|Any CPU
		{33B42369-BB85-40BF-80EE-C05463128FA6}.Debug|Any CPU.Build.0 = Debug|Any CPU
		{33B42369-BB85-40BF-80EE-C05463128FA6}.Release|Any CPU.ActiveCfg = Release|Any CPU
		{33B42369-BB85-40BF-80EE-C05463128FA6}.Release|Any CPU.Build.0 = Release|Any CPU
	EndGlobalSection
	GlobalSection(SolutionProperties) = preSolution
		HideSolutionNode = FALSE
	EndGlobalSection
	GlobalSection(ExtensibilityGlobals) = postSolution
		SolutionGuid = {2A781C5E-E2B3-4684-BB79-29D67D3D6D95}
	EndGlobalSection
EndGlobal
