
Microsoft Visual Studio Solution File, Format Version 12.00
# Visual Studio Version 16
VisualStudioVersion = 16.0.29519.181
MinimumVisualStudioVersion = 10.0.40219.1
Project("{FAE04EC0-301F-11D3-BF4B-00C04F79EFBC}") = "Task 1.2.1 Averages", "Task 1.2.1 Averages\Task 1.2.1 Averages.csproj", "{341D6415-962C-4B78-8DC1-31818B01C6A9}"
EndProject
Global
	GlobalSection(SolutionConfigurationPlatforms) = preSolution
		Debug|Any CPU = Debug|Any CPU
		Release|Any CPU = Release|Any CPU
	EndGlobalSection
	GlobalSection(ProjectConfigurationPlatforms) = postSolution
		{341D6415-962C-4B78-8DC1-31818B01C6A9}.Debug|Any CPU.ActiveCfg = Debug|Any CPU
		{341D6415-962C-4B78-8DC1-31818B01C6A9}.Debug|Any CPU.Build.0 = Debug|Any CPU
		{341D6415-962C-4B78-8DC1-31818B01C6A9}.Release|Any CPU.ActiveCfg = Release|Any CPU
		{341D6415-962C-4B78-8DC1-31818B01C6A9}.Release|Any CPU.Build.0 = Release|Any CPU
	EndGlobalSection
	GlobalSection(SolutionProperties) = preSolution
		HideSolutionNode = FALSE
	EndGlobalSection
	GlobalSection(ExtensibilityGlobals) = postSolution
		SolutionGuid = {3444EFA7-96B2-40D8-BDBC-03AD87884C70}
	EndGlobalSection
EndGlobal
