
Microsoft Visual Studio Solution File, Format Version 12.00
# Visual Studio Version 16
VisualStudioVersion = 16.0.29519.181
MinimumVisualStudioVersion = 10.0.40219.1
Project("{FAE04EC0-301F-11D3-BF4B-00C04F79EFBC}") = "Task 1.1.6 Font adjustment", "Task 1.1.6 Font adjustment\Task 1.1.6 Font adjustment.csproj", "{546EC0E1-E336-459D-92A3-DAA80C079065}"
EndProject
Global
	GlobalSection(SolutionConfigurationPlatforms) = preSolution
		Debug|Any CPU = Debug|Any CPU
		Release|Any CPU = Release|Any CPU
	EndGlobalSection
	GlobalSection(ProjectConfigurationPlatforms) = postSolution
		{546EC0E1-E336-459D-92A3-DAA80C079065}.Debug|Any CPU.ActiveCfg = Debug|Any CPU
		{546EC0E1-E336-459D-92A3-DAA80C079065}.Debug|Any CPU.Build.0 = Debug|Any CPU
		{546EC0E1-E336-459D-92A3-DAA80C079065}.Release|Any CPU.ActiveCfg = Release|Any CPU
		{546EC0E1-E336-459D-92A3-DAA80C079065}.Release|Any CPU.Build.0 = Release|Any CPU
	EndGlobalSection
	GlobalSection(SolutionProperties) = preSolution
		HideSolutionNode = FALSE
	EndGlobalSection
	GlobalSection(ExtensibilityGlobals) = postSolution
		SolutionGuid = {C3993AE5-C23E-4A97-8CF0-81EE7B6B6837}
	EndGlobalSection
EndGlobal
