
Microsoft Visual Studio Solution File, Format Version 12.00
# Visual Studio Version 16
VisualStudioVersion = 16.0.29519.181
MinimumVisualStudioVersion = 10.0.40219.1
Project("{FAE04EC0-301F-11D3-BF4B-00C04F79EFBC}") = "Task 3.2.1 Dynamic array", "Task 3.2.1 Dynamic array\Task 3.2.1 Dynamic array.csproj", "{519E26D1-DD92-4604-9456-A6712B8B808F}"
EndProject
Project("{FAE04EC0-301F-11D3-BF4B-00C04F79EFBC}") = "DynamicArray", "DynamicArray\DynamicArray.csproj", "{7E1E6D08-EF01-4D33-97B7-4A74D12DCC31}"
EndProject
Global
	GlobalSection(SolutionConfigurationPlatforms) = preSolution
		Debug|Any CPU = Debug|Any CPU
		Release|Any CPU = Release|Any CPU
	EndGlobalSection
	GlobalSection(ProjectConfigurationPlatforms) = postSolution
		{519E26D1-DD92-4604-9456-A6712B8B808F}.Debug|Any CPU.ActiveCfg = Debug|Any CPU
		{519E26D1-DD92-4604-9456-A6712B8B808F}.Debug|Any CPU.Build.0 = Debug|Any CPU
		{519E26D1-DD92-4604-9456-A6712B8B808F}.Release|Any CPU.ActiveCfg = Release|Any CPU
		{519E26D1-DD92-4604-9456-A6712B8B808F}.Release|Any CPU.Build.0 = Release|Any CPU
		{7E1E6D08-EF01-4D33-97B7-4A74D12DCC31}.Debug|Any CPU.ActiveCfg = Debug|Any CPU
		{7E1E6D08-EF01-4D33-97B7-4A74D12DCC31}.Debug|Any CPU.Build.0 = Debug|Any CPU
		{7E1E6D08-EF01-4D33-97B7-4A74D12DCC31}.Release|Any CPU.ActiveCfg = Release|Any CPU
		{7E1E6D08-EF01-4D33-97B7-4A74D12DCC31}.Release|Any CPU.Build.0 = Release|Any CPU
	EndGlobalSection
	GlobalSection(SolutionProperties) = preSolution
		HideSolutionNode = FALSE
	EndGlobalSection
	GlobalSection(ExtensibilityGlobals) = postSolution
		SolutionGuid = {4B88050E-4152-460A-9368-62295916D1AF}
	EndGlobalSection
EndGlobal
